
Microsoft Visual Studio Solution File, Format Version 12.00
# Visual Studio Version 16
VisualStudioVersion = 16.0.29424.173
MinimumVisualStudioVersion = 10.0.40219.1
Project("{FAE04EC0-301F-11D3-BF4B-00C04F79EFBC}") = "KeyExchangeForm", "KeyExchangeForm\KeyExchangeForm.csproj", "{81ADBF03-CB02-4AE3-81EB-70FA5754B0FB}"
EndProject
Global
	GlobalSection(SolutionConfigurationPlatforms) = preSolution
		Debug|Any CPU = Debug|Any CPU
		Release|Any CPU = Release|Any CPU
	EndGlobalSection
	GlobalSection(ProjectConfigurationPlatforms) = postSolution
		{81ADBF03-CB02-4AE3-81EB-70FA5754B0FB}.Debug|Any CPU.ActiveCfg = Debug|Any CPU
		{81ADBF03-CB02-4AE3-81EB-70FA5754B0FB}.Debug|Any CPU.Build.0 = Debug|Any CPU
		{81ADBF03-CB02-4AE3-81EB-70FA5754B0FB}.Release|Any CPU.ActiveCfg = Release|Any CPU
		{81ADBF03-CB02-4AE3-81EB-70FA5754B0FB}.Release|Any CPU.Build.0 = Release|Any CPU
	EndGlobalSection
	GlobalSection(SolutionProperties) = preSolution
		HideSolutionNode = FALSE
	EndGlobalSection
	GlobalSection(ExtensibilityGlobals) = postSolution
		SolutionGuid = {E57C940E-ECC4-4DC0-9CA5-72CB9A4B6623}
	EndGlobalSection
EndGlobal
